// !$*UTF8*$!
{
	archiveVersion = 1;
	classes = {
	};
	objectVersion = 56;
	objects = {

/* Begin PBXBuildFile section */
		45FB2FEE2A73A1B3006B9549 /* AppDelegate.swift in Sources */ = {isa = PBXBuildFile; fileRef = 45FB2FED2A73A1B3006B9549 /* AppDelegate.swift */; };
		45FB2FF02A73A1B3006B9549 /* SceneDelegate.swift in Sources */ = {isa = PBXBuildFile; fileRef = 45FB2FEF2A73A1B3006B9549 /* SceneDelegate.swift */; };
		45FB2FF22A73A1B3006B9549 /* ViewController.swift in Sources */ = {isa = PBXBuildFile; fileRef = 45FB2FF12A73A1B3006B9549 /* ViewController.swift */; };
		45FB2FF52A73A1B3006B9549 /* Main.storyboard in Resources */ = {isa = PBXBuildFile; fileRef = 45FB2FF32A73A1B3006B9549 /* Main.storyboard */; };
		45FB2FF72A73A1B5006B9549 /* Assets.xcassets in Resources */ = {isa = PBXBuildFile; fileRef = 45FB2FF62A73A1B5006B9549 /* Assets.xcassets */; };
		45FB2FFA2A73A1B5006B9549 /* LaunchScreen.storyboard in Resources */ = {isa = PBXBuildFile; fileRef = 45FB2FF82A73A1B5006B9549 /* LaunchScreen.storyboard */; };
		45FB30022A73A24A006B9549 /* MovieInfo.swift in Sources */ = {isa = PBXBuildFile; fileRef = 45FB30012A73A24A006B9549 /* MovieInfo.swift */; };
		45FB30042A73A26D006B9549 /* Movie.swift in Sources */ = {isa = PBXBuildFile; fileRef = 45FB30032A73A26D006B9549 /* Movie.swift */; };
		45FB30062A73A898006B9549 /* MovieInfoTableViewCell.swift in Sources */ = {isa = PBXBuildFile; fileRef = 45FB30052A73A898006B9549 /* MovieInfoTableViewCell.swift */; };
		45FB300A2A73A945006B9549 /* MovieListTableViewController.swift in Sources */ = {isa = PBXBuildFile; fileRef = 45FB30092A73A945006B9549 /* MovieListTableViewController.swift */; };
		45FB30102A73B9A9006B9549 /* Goods.swift in Sources */ = {isa = PBXBuildFile; fileRef = 45FB300F2A73B9A9006B9549 /* Goods.swift */; };
		45FB30142A73B9E9006B9549 /* GoodsTableViewCell.swift in Sources */ = {isa = PBXBuildFile; fileRef = 45FB30132A73B9E9006B9549 /* GoodsTableViewCell.swift */; };
		45FB30162A73BBFD006B9549 /* ShoppingTableViewController.swift in Sources */ = {isa = PBXBuildFile; fileRef = 45FB30152A73BBFD006B9549 /* ShoppingTableViewController.swift */; };
/* End PBXBuildFile section */

/* Begin PBXFileReference section */
		45FB2FEA2A73A1B3006B9549 /* sesac-day9-hw.app */ = {isa = PBXFileReference; explicitFileType = wrapper.application; includeInIndex = 0; path = "sesac-day9-hw.app"; sourceTree = BUILT_PRODUCTS_DIR; };
		45FB2FED2A73A1B3006B9549 /* AppDelegate.swift */ = {isa = PBXFileReference; lastKnownFileType = sourcecode.swift; path = AppDelegate.swift; sourceTree = "<group>"; };
		45FB2FEF2A73A1B3006B9549 /* SceneDelegate.swift */ = {isa = PBXFileReference; lastKnownFileType = sourcecode.swift; path = SceneDelegate.swift; sourceTree = "<group>"; };
		45FB2FF12A73A1B3006B9549 /* ViewController.swift */ = {isa = PBXFileReference; lastKnownFileType = sourcecode.swift; path = ViewController.swift; sourceTree = "<group>"; };
		45FB2FF42A73A1B3006B9549 /* Base */ = {isa = PBXFileReference; lastKnownFileType = file.storyboard; name = Base; path = Base.lproj/Main.storyboard; sourceTree = "<group>"; };
		45FB2FF62A73A1B5006B9549 /* Assets.xcassets */ = {isa = PBXFileReference; lastKnownFileType = folder.assetcatalog; path = Assets.xcassets; sourceTree = "<group>"; };
		45FB2FF92A73A1B5006B9549 /* Base */ = {isa = PBXFileReference; lastKnownFileType = file.storyboard; name = Base; path = Base.lproj/LaunchScreen.storyboard; sourceTree = "<group>"; };
		45FB2FFB2A73A1B5006B9549 /* Info.plist */ = {isa = PBXFileReference; lastKnownFileType = text.plist.xml; path = Info.plist; sourceTree = "<group>"; };
		45FB30012A73A24A006B9549 /* MovieInfo.swift */ = {isa = PBXFileReference; lastKnownFileType = sourcecode.swift; path = MovieInfo.swift; sourceTree = "<group>"; };
		45FB30032A73A26D006B9549 /* Movie.swift */ = {isa = PBXFileReference; lastKnownFileType = sourcecode.swift; path = Movie.swift; sourceTree = "<group>"; };
		45FB30052A73A898006B9549 /* MovieInfoTableViewCell.swift */ = {isa = PBXFileReference; lastKnownFileType = sourcecode.swift; path = MovieInfoTableViewCell.swift; sourceTree = "<group>"; };
		45FB30092A73A945006B9549 /* MovieListTableViewController.swift */ = {isa = PBXFileReference; lastKnownFileType = sourcecode.swift; path = MovieListTableViewController.swift; sourceTree = "<group>"; };
		45FB300F2A73B9A9006B9549 /* Goods.swift */ = {isa = PBXFileReference; lastKnownFileType = sourcecode.swift; path = Goods.swift; sourceTree = "<group>"; };
		45FB30132A73B9E9006B9549 /* GoodsTableViewCell.swift */ = {isa = PBXFileReference; lastKnownFileType = sourcecode.swift; name = GoodsTableViewCell.swift; path = "sesac-day9-hw/movie/GoodsTableViewCell.swift"; sourceTree = SOURCE_ROOT; };
		45FB30152A73BBFD006B9549 /* ShoppingTableViewController.swift */ = {isa = PBXFileReference; lastKnownFileType = sourcecode.swift; path = ShoppingTableViewController.swift; sourceTree = "<group>"; };
/* End PBXFileReference section */

/* Begin PBXFrameworksBuildPhase section */
		45FB2FE72A73A1B3006B9549 /* Frameworks */ = {
			isa = PBXFrameworksBuildPhase;
			buildActionMask = 2147483647;
			files = (
			);
			runOnlyForDeploymentPostprocessing = 0;
		};
/* End PBXFrameworksBuildPhase section */

/* Begin PBXGroup section */
		45FB2FE12A73A1B3006B9549 = {
			isa = PBXGroup;
			children = (
				45FB2FEC2A73A1B3006B9549 /* sesac-day9-hw */,
				45FB2FEB2A73A1B3006B9549 /* Products */,
			);
			sourceTree = "<group>";
		};
		45FB2FEB2A73A1B3006B9549 /* Products */ = {
			isa = PBXGroup;
			children = (
				45FB2FEA2A73A1B3006B9549 /* sesac-day9-hw.app */,
			);
			name = Products;
			sourceTree = "<group>";
		};
		45FB2FEC2A73A1B3006B9549 /* sesac-day9-hw */ = {
			isa = PBXGroup;
			children = (
				45FB300E2A73B996006B9549 /* shopping */,
				45FB300D2A73B93F006B9549 /* movie */,
				45FB2FED2A73A1B3006B9549 /* AppDelegate.swift */,
				45FB2FEF2A73A1B3006B9549 /* SceneDelegate.swift */,
				45FB2FF12A73A1B3006B9549 /* ViewController.swift */,
				45FB2FF32A73A1B3006B9549 /* Main.storyboard */,
				45FB2FF62A73A1B5006B9549 /* Assets.xcassets */,
				45FB2FF82A73A1B5006B9549 /* LaunchScreen.storyboard */,
				45FB2FFB2A73A1B5006B9549 /* Info.plist */,
			);
			path = "sesac-day9-hw";
			sourceTree = "<group>";
		};
		45FB300D2A73B93F006B9549 /* movie */ = {
			isa = PBXGroup;
			children = (
				45FB30092A73A945006B9549 /* MovieListTableViewController.swift */,
				45FB30012A73A24A006B9549 /* MovieInfo.swift */,
				45FB30032A73A26D006B9549 /* Movie.swift */,
				45FB30052A73A898006B9549 /* MovieInfoTableViewCell.swift */,
			);
			path = movie;
			sourceTree = "<group>";
		};
		45FB300E2A73B996006B9549 /* shopping */ = {
			isa = PBXGroup;
			children = (
				45FB30132A73B9E9006B9549 /* GoodsTableViewCell.swift */,
				45FB300F2A73B9A9006B9549 /* Goods.swift */,
				45FB30152A73BBFD006B9549 /* ShoppingTableViewController.swift */,
			);
			path = shopping;
			sourceTree = "<group>";
		};
/* End PBXGroup section */

/* Begin PBXNativeTarget section */
		45FB2FE92A73A1B3006B9549 /* sesac-day9-hw */ = {
			isa = PBXNativeTarget;
			buildConfigurationList = 45FB2FFE2A73A1B5006B9549 /* Build configuration list for PBXNativeTarget "sesac-day9-hw" */;
			buildPhases = (
				45FB2FE62A73A1B3006B9549 /* Sources */,
				45FB2FE72A73A1B3006B9549 /* Frameworks */,
				45FB2FE82A73A1B3006B9549 /* Resources */,
			);
			buildRules = (
			);
			dependencies = (
			);
			name = "sesac-day9-hw";
			productName = "sesac-day9-hw";
			productReference = 45FB2FEA2A73A1B3006B9549 /* sesac-day9-hw.app */;
			productType = "com.apple.product-type.application";
		};
/* End PBXNativeTarget section */

/* Begin PBXProject section */
		45FB2FE22A73A1B3006B9549 /* Project object */ = {
			isa = PBXProject;
			attributes = {
				BuildIndependentTargetsInParallel = 1;
				LastSwiftUpdateCheck = 1430;
				LastUpgradeCheck = 1430;
				TargetAttributes = {
					45FB2FE92A73A1B3006B9549 = {
						CreatedOnToolsVersion = 14.3.1;
					};
				};
			};
			buildConfigurationList = 45FB2FE52A73A1B3006B9549 /* Build configuration list for PBXProject "sesac-day9-hw" */;
			compatibilityVersion = "Xcode 14.0";
			developmentRegion = en;
			hasScannedForEncodings = 0;
			knownRegions = (
				en,
				Base,
			);
			mainGroup = 45FB2FE12A73A1B3006B9549;
			productRefGroup = 45FB2FEB2A73A1B3006B9549 /* Products */;
			projectDirPath = "";
			projectRoot = "";
			targets = (
				45FB2FE92A73A1B3006B9549 /* sesac-day9-hw */,
			);
		};
/* End PBXProject section */

/* Begin PBXResourcesBuildPhase section */
		45FB2FE82A73A1B3006B9549 /* Resources */ = {
			isa = PBXResourcesBuildPhase;
			buildActionMask = 2147483647;
			files = (
				45FB2FFA2A73A1B5006B9549 /* LaunchScreen.storyboard in Resources */,
				45FB2FF72A73A1B5006B9549 /* Assets.xcassets in Resources */,
				45FB2FF52A73A1B3006B9549 /* Main.storyboard in Resources */,
			);
			runOnlyForDeploymentPostprocessing = 0;
		};
/* End PBXResourcesBuildPhase section */

/* Begin PBXSourcesBuildPhase section */
		45FB2FE62A73A1B3006B9549 /* Sources */ = {
			isa = PBXSourcesBuildPhase;
			buildActionMask = 2147483647;
			files = (
				45FB2FF22A73A1B3006B9549 /* ViewController.swift in Sources */,
				45FB2FEE2A73A1B3006B9549 /* AppDelegate.swift in Sources */,
				45FB30102A73B9A9006B9549 /* Goods.swift in Sources */,
				45FB30162A73BBFD006B9549 /* ShoppingTableViewController.swift in Sources */,
				45FB30022A73A24A006B9549 /* MovieInfo.swift in Sources */,
				45FB30142A73B9E9006B9549 /* GoodsTableViewCell.swift in Sources */,
				45FB2FF02A73A1B3006B9549 /* SceneDelegate.swift in Sources */,
				45FB30062A73A898006B9549 /* MovieInfoTableViewCell.swift in Sources */,
				45FB300A2A73A945006B9549 /* MovieListTableViewController.swift in Sources */,
				45FB30042A73A26D006B9549 /* Movie.swift in Sources */,
			);
			runOnlyForDeploymentPostprocessing = 0;
		};
/* End PBXSourcesBuildPhase section */

/* Begin PBXVariantGroup section */
		45FB2FF32A73A1B3006B9549 /* Main.storyboard */ = {
			isa = PBXVariantGroup;
			children = (
				45FB2FF42A73A1B3006B9549 /* Base */,
			);
			name = Main.storyboard;
			sourceTree = "<group>";
		};
		45FB2FF82A73A1B5006B9549 /* LaunchScreen.storyboard */ = {
			isa = PBXVariantGroup;
			children = (
				45FB2FF92A73A1B5006B9549 /* Base */,
			);
			name = LaunchScreen.storyboard;
			sourceTree = "<group>";
		};
/* End PBXVariantGroup section */

/* Begin XCBuildConfiguration section */
		45FB2FFC2A73A1B5006B9549 /* Debug */ = {
			isa = XCBuildConfiguration;
			buildSettings = {
				ALWAYS_SEARCH_USER_PATHS = NO;
				CLANG_ANALYZER_NONNULL = YES;
				CLANG_ANALYZER_NUMBER_OBJECT_CONVERSION = YES_AGGRESSIVE;
				CLANG_CXX_LANGUAGE_STANDARD = "gnu++20";
				CLANG_ENABLE_MODULES = YES;
				CLANG_ENABLE_OBJC_ARC = YES;
				CLANG_ENABLE_OBJC_WEAK = YES;
				CLANG_WARN_BLOCK_CAPTURE_AUTORELEASING = YES;
				CLANG_WARN_BOOL_CONVERSION = YES;
				CLANG_WARN_COMMA = YES;
				CLANG_WARN_CONSTANT_CONVERSION = YES;
				CLANG_WARN_DEPRECATED_OBJC_IMPLEMENTATIONS = YES;
				CLANG_WARN_DIRECT_OBJC_ISA_USAGE = YES_ERROR;
				CLANG_WARN_DOCUMENTATION_COMMENTS = YES;
				CLANG_WARN_EMPTY_BODY = YES;
				CLANG_WARN_ENUM_CONVERSION = YES;
				CLANG_WARN_INFINITE_RECURSION = YES;
				CLANG_WARN_INT_CONVERSION = YES;
				CLANG_WARN_NON_LITERAL_NULL_CONVERSION = YES;
				CLANG_WARN_OBJC_IMPLICIT_RETAIN_SELF = YES;
				CLANG_WARN_OBJC_LITERAL_CONVERSION = YES;
				CLANG_WARN_OBJC_ROOT_CLASS = YES_ERROR;
				CLANG_WARN_QUOTED_INCLUDE_IN_FRAMEWORK_HEADER = YES;
				CLANG_WARN_RANGE_LOOP_ANALYSIS = YES;
				CLANG_WARN_STRICT_PROTOTYPES = YES;
				CLANG_WARN_SUSPICIOUS_MOVE = YES;
				CLANG_WARN_UNGUARDED_AVAILABILITY = YES_AGGRESSIVE;
				CLANG_WARN_UNREACHABLE_CODE = YES;
				CLANG_WARN__DUPLICATE_METHOD_MATCH = YES;
				COPY_PHASE_STRIP = NO;
				DEBUG_INFORMATION_FORMAT = dwarf;
				ENABLE_STRICT_OBJC_MSGSEND = YES;
				ENABLE_TESTABILITY = YES;
				GCC_C_LANGUAGE_STANDARD = gnu11;
				GCC_DYNAMIC_NO_PIC = NO;
				GCC_NO_COMMON_BLOCKS = YES;
				GCC_OPTIMIZATION_LEVEL = 0;
				GCC_PREPROCESSOR_DEFINITIONS = (
					"DEBUG=1",
					"$(inherited)",
				);
				GCC_WARN_64_TO_32_BIT_CONVERSION = YES;
				GCC_WARN_ABOUT_RETURN_TYPE = YES_ERROR;
				GCC_WARN_UNDECLARED_SELECTOR = YES;
				GCC_WARN_UNINITIALIZED_AUTOS = YES_AGGRESSIVE;
				GCC_WARN_UNUSED_FUNCTION = YES;
				GCC_WARN_UNUSED_VARIABLE = YES;
				IPHONEOS_DEPLOYMENT_TARGET = 16.4;
				MTL_ENABLE_DEBUG_INFO = INCLUDE_SOURCE;
				MTL_FAST_MATH = YES;
				ONLY_ACTIVE_ARCH = YES;
				SDKROOT = iphoneos;
				SWIFT_ACTIVE_COMPILATION_CONDITIONS = DEBUG;
				SWIFT_OPTIMIZATION_LEVEL = "-Onone";
			};
			name = Debug;
		};
		45FB2FFD2A73A1B5006B9549 /* Release */ = {
			isa = XCBuildConfiguration;
			buildSettings = {
				ALWAYS_SEARCH_USER_PATHS = NO;
				CLANG_ANALYZER_NONNULL = YES;
				CLANG_ANALYZER_NUMBER_OBJECT_CONVERSION = YES_AGGRESSIVE;
				CLANG_CXX_LANGUAGE_STANDARD = "gnu++20";
				CLANG_ENABLE_MODULES = YES;
				CLANG_ENABLE_OBJC_ARC = YES;
				CLANG_ENABLE_OBJC_WEAK = YES;
				CLANG_WARN_BLOCK_CAPTURE_AUTORELEASING = YES;
				CLANG_WARN_BOOL_CONVERSION = YES;
				CLANG_WARN_COMMA = YES;
				CLANG_WARN_CONSTANT_CONVERSION = YES;
				CLANG_WARN_DEPRECATED_OBJC_IMPLEMENTATIONS = YES;
				CLANG_WARN_DIRECT_OBJC_ISA_USAGE = YES_ERROR;
				CLANG_WARN_DOCUMENTATION_COMMENTS = YES;
				CLANG_WARN_EMPTY_BODY = YES;
				CLANG_WARN_ENUM_CONVERSION = YES;
				CLANG_WARN_INFINITE_RECURSION = YES;
				CLANG_WARN_INT_CONVERSION = YES;
				CLANG_WARN_NON_LITERAL_NULL_CONVERSION = YES;
				CLANG_WARN_OBJC_IMPLICIT_RETAIN_SELF = YES;
				CLANG_WARN_OBJC_LITERAL_CONVERSION = YES;
				CLANG_WARN_OBJC_ROOT_CLASS = YES_ERROR;
				CLANG_WARN_QUOTED_INCLUDE_IN_FRAMEWORK_HEADER = YES;
				CLANG_WARN_RANGE_LOOP_ANALYSIS = YES;
				CLANG_WARN_STRICT_PROTOTYPES = YES;
				CLANG_WARN_SUSPICIOUS_MOVE = YES;
				CLANG_WARN_UNGUARDED_AVAILABILITY = YES_AGGRESSIVE;
				CLANG_WARN_UNREACHABLE_CODE = YES;
				CLANG_WARN__DUPLICATE_METHOD_MATCH = YES;
				COPY_PHASE_STRIP = NO;
				DEBUG_INFORMATION_FORMAT = "dwarf-with-dsym";
				ENABLE_NS_ASSERTIONS = NO;
				ENABLE_STRICT_OBJC_MSGSEND = YES;
				GCC_C_LANGUAGE_STANDARD = gnu11;
				GCC_NO_COMMON_BLOCKS = YES;
				GCC_WARN_64_TO_32_BIT_CONVERSION = YES;
				GCC_WARN_ABOUT_RETURN_TYPE = YES_ERROR;
				GCC_WARN_UNDECLARED_SELECTOR = YES;
				GCC_WARN_UNINITIALIZED_AUTOS = YES_AGGRESSIVE;
				GCC_WARN_UNUSED_FUNCTION = YES;
				GCC_WARN_UNUSED_VARIABLE = YES;
				IPHONEOS_DEPLOYMENT_TARGET = 16.4;
				MTL_ENABLE_DEBUG_INFO = NO;
				MTL_FAST_MATH = YES;
				SDKROOT = iphoneos;
				SWIFT_COMPILATION_MODE = wholemodule;
				SWIFT_OPTIMIZATION_LEVEL = "-O";
				VALIDATE_PRODUCT = YES;
			};
			name = Release;
		};
		45FB2FFF2A73A1B5006B9549 /* Debug */ = {
			isa = XCBuildConfiguration;
			buildSettings = {
				ASSETCATALOG_COMPILER_APPICON_NAME = AppIcon;
				ASSETCATALOG_COMPILER_GLOBAL_ACCENT_COLOR_NAME = AccentColor;
				CODE_SIGN_STYLE = Automatic;
				CURRENT_PROJECT_VERSION = 1;
				DEVELOPMENT_TEAM = 53XY5968G6;
				GENERATE_INFOPLIST_FILE = YES;
				INFOPLIST_FILE = "sesac-day9-hw/Info.plist";
				INFOPLIST_KEY_UIApplicationSupportsIndirectInputEvents = YES;
				INFOPLIST_KEY_UILaunchStoryboardName = LaunchScreen;
				INFOPLIST_KEY_UIMainStoryboardFile = Main;
				INFOPLIST_KEY_UISupportedInterfaceOrientations_iPad = "UIInterfaceOrientationPortrait UIInterfaceOrientationPortraitUpsideDown UIInterfaceOrientationLandscapeLeft UIInterfaceOrientationLandscapeRight";
				INFOPLIST_KEY_UISupportedInterfaceOrientations_iPhone = "UIInterfaceOrientationPortrait UIInterfaceOrientationLandscapeLeft UIInterfaceOrientationLandscapeRight";
				IPHONEOS_DEPLOYMENT_TARGET = 15.0;
				LD_RUNPATH_SEARCH_PATHS = (
					"$(inherited)",
					"@executable_path/Frameworks",
				);
				MARKETING_VERSION = 1.0;
				PRODUCT_BUNDLE_IDENTIFIER = "dev.gyeoul.sesac-day9-hw";
				PRODUCT_NAME = "$(TARGET_NAME)";
				SUPPORTED_PLATFORMS = "iphoneos iphonesimulator";
				SUPPORTS_MACCATALYST = NO;
				SUPPORTS_MAC_DESIGNED_FOR_IPHONE_IPAD = NO;
				SWIFT_EMIT_LOC_STRINGS = YES;
				SWIFT_VERSION = 5.0;
				TARGETED_DEVICE_FAMILY = 1;
			};
			name = Debug;
		};
		45FB30002A73A1B5006B9549 /* Release */ = {
			isa = XCBuildConfiguration;
			buildSettings = {
				ASSETCATALOG_COMPILER_APPICON_NAME = AppIcon;
				ASSETCATALOG_COMPILER_GLOBAL_ACCENT_COLOR_NAME = AccentColor;
				CODE_SIGN_STYLE = Automatic;
				CURRENT_PROJECT_VERSION = 1;
				DEVELOPMENT_TEAM = 53XY5968G6;
				GENERATE_INFOPLIST_FILE = YES;
				INFOPLIST_FILE = "sesac-day9-hw/Info.plist";
				INFOPLIST_KEY_UIApplicationSupportsIndirectInputEvents = YES;
				INFOPLIST_KEY_UILaunchStoryboardName = LaunchScreen;
				INFOPLIST_KEY_UIMainStoryboardFile = Main;
				INFOPLIST_KEY_UISupportedInterfaceOrientations_iPad = "UIInterfaceOrientationPortrait UIInterfaceOrientationPortraitUpsideDown UIInterfaceOrientationLandscapeLeft UIInterfaceOrientationLandscapeRight";
				INFOPLIST_KEY_UISupportedInterfaceOrientations_iPhone = "UIInterfaceOrientationPortrait UIInterfaceOrientationLandscapeLeft UIInterfaceOrientationLandscapeRight";
				IPHONEOS_DEPLOYMENT_TARGET = 15.0;
				LD_RUNPATH_SEARCH_PATHS = (
					"$(inherited)",
					"@executable_path/Frameworks",
				);
				MARKETING_VERSION = 1.0;
				PRODUCT_BUNDLE_IDENTIFIER = "dev.gyeoul.sesac-day9-hw";
				PRODUCT_NAME = "$(TARGET_NAME)";
				SUPPORTED_PLATFORMS = "iphoneos iphonesimulator";
				SUPPORTS_MACCATALYST = NO;
				SUPPORTS_MAC_DESIGNED_FOR_IPHONE_IPAD = NO;
				SWIFT_EMIT_LOC_STRINGS = YES;
				SWIFT_VERSION = 5.0;
				TARGETED_DEVICE_FAMILY = 1;
			};
			name = Release;
		};
/* End XCBuildConfiguration section */

/* Begin XCConfigurationList section */
		45FB2FE52A73A1B3006B9549 /* Build configuration list for PBXProject "sesac-day9-hw" */ = {
			isa = XCConfigurationList;
			buildConfigurations = (
				45FB2FFC2A73A1B5006B9549 /* Debug */,
				45FB2FFD2A73A1B5006B9549 /* Release */,
			);
			defaultConfigurationIsVisible = 0;
			defaultConfigurationName = Release;
		};
		45FB2FFE2A73A1B5006B9549 /* Build configuration list for PBXNativeTarget "sesac-day9-hw" */ = {
			isa = XCConfigurationList;
			buildConfigurations = (
				45FB2FFF2A73A1B5006B9549 /* Debug */,
				45FB30002A73A1B5006B9549 /* Release */,
			);
			defaultConfigurationIsVisible = 0;
			defaultConfigurationName = Release;
		};
/* End XCConfigurationList section */
	};
	rootObject = 45FB2FE22A73A1B3006B9549 /* Project object */;
}
